// !$*UTF8*$!
{
	archiveVersion = 1;
	classes = {
	};
	objectVersion = 51;
	objects = {

/* Begin PBXBuildFile section */
		27F295A2175B0A3AD0BEAD51 /* Pods_Spaceship_CloneTests.framework in Frameworks */ = {isa = PBXBuildFile; fileRef = 6BE640F4A42A83DB48B3A732 /* Pods_Spaceship_CloneTests.framework */; };
		6938AE3A26D525FC005C873E /* Launch Screen.storyboard in Resources */ = {isa = PBXBuildFile; fileRef = 6938AE3926D525FC005C873E /* Launch Screen.storyboard */; };
		6938AE3C26D5E4E1005C873E /* SwiftUIView.swift in Sources */ = {isa = PBXBuildFile; fileRef = 6938AE3B26D5E4E1005C873E /* SwiftUIView.swift */; };
		694810AF26B659D000C0F7D4 /* GoogleService-Info.plist in Resources */ = {isa = PBXBuildFile; fileRef = 694810AE26B659CF00C0F7D4 /* GoogleService-Info.plist */; };
		694810B326B6609500C0F7D4 /* ContactViewModel.swift in Sources */ = {isa = PBXBuildFile; fileRef = 694810B226B6609500C0F7D4 /* ContactViewModel.swift */; };
		695C4B3A26BB69A0009EE1A4 /* PersonalInfo.swift in Sources */ = {isa = PBXBuildFile; fileRef = 695C4B3926BB69A0009EE1A4 /* PersonalInfo.swift */; };
		695C4B3D26BB7246009EE1A4 /* AddInvestment.swift in Sources */ = {isa = PBXBuildFile; fileRef = 695C4B3C26BB7246009EE1A4 /* AddInvestment.swift */; };
		695C4B3F26BB7B85009EE1A4 /* LoginView.swift in Sources */ = {isa = PBXBuildFile; fileRef = 695C4B3E26BB7B85009EE1A4 /* LoginView.swift */; };
		69AD18CB26BD3CDB00F7C394 /* AccSettings.swift in Sources */ = {isa = PBXBuildFile; fileRef = 69AD18CA26BD3CDB00F7C394 /* AccSettings.swift */; };
		69E6A5B226B4E4D800432929 /* Spaceship_CloneApp.swift in Sources */ = {isa = PBXBuildFile; fileRef = 69E6A5B126B4E4D800432929 /* Spaceship_CloneApp.swift */; };
		69E6A5B426B4E4D800432929 /* Home.swift in Sources */ = {isa = PBXBuildFile; fileRef = 69E6A5B326B4E4D800432929 /* Home.swift */; };
		69E6A5B626B4E4D900432929 /* Assets.xcassets in Resources */ = {isa = PBXBuildFile; fileRef = 69E6A5B526B4E4D900432929 /* Assets.xcassets */; };
		69E6A5B926B4E4D900432929 /* Preview Assets.xcassets in Resources */ = {isa = PBXBuildFile; fileRef = 69E6A5B826B4E4D900432929 /* Preview Assets.xcassets */; };
		69E6A5C426B4E4D900432929 /* Spaceship_CloneTests.swift in Sources */ = {isa = PBXBuildFile; fileRef = 69E6A5C326B4E4D900432929 /* Spaceship_CloneTests.swift */; };
		69E6A5CF26B4E4D900432929 /* Spaceship_CloneUITests.swift in Sources */ = {isa = PBXBuildFile; fileRef = 69E6A5CE26B4E4D900432929 /* Spaceship_CloneUITests.swift */; };
		69E6A5DD26B4E69200432929 /* InvestmentWindow.swift in Sources */ = {isa = PBXBuildFile; fileRef = 69E6A5DC26B4E69200432929 /* InvestmentWindow.swift */; };
		69E6A5E126B4F8F900432929 /* UniverseGraph.swift in Sources */ = {isa = PBXBuildFile; fileRef = 69E6A5E026B4F8F900432929 /* UniverseGraph.swift */; };
		69E6A5E326B504AB00432929 /* UniversePortfolioData.swift in Sources */ = {isa = PBXBuildFile; fileRef = 69E6A5E226B504AB00432929 /* UniversePortfolioData.swift */; };
		69E6A5E526B52E0D00432929 /* PersonalGraph.swift in Sources */ = {isa = PBXBuildFile; fileRef = 69E6A5E426B52E0D00432929 /* PersonalGraph.swift */; };
		69FFD62126BA513200C9DE39 /* Main.swift in Sources */ = {isa = PBXBuildFile; fileRef = 69FFD62026BA513200C9DE39 /* Main.swift */; };
		69FFD62326BA517300C9DE39 /* AccountView.swift in Sources */ = {isa = PBXBuildFile; fileRef = 69FFD62226BA517300C9DE39 /* AccountView.swift */; };
		90DBBA328AEE4751B7B2741C /* Pods_Spaceship_Clone.framework in Frameworks */ = {isa = PBXBuildFile; fileRef = A51F17016317D1ABC8D7939D /* Pods_Spaceship_Clone.framework */; };
		9FD20DE290A04FED34120086 /* Pods_Spaceship_Clone_Spaceship_CloneUITests.framework in Frameworks */ = {isa = PBXBuildFile; fileRef = DF41917354F2631EE1917228 /* Pods_Spaceship_Clone_Spaceship_CloneUITests.framework */; };
/* End PBXBuildFile section */

/* Begin PBXContainerItemProxy section */
		69E6A5C026B4E4D900432929 /* PBXContainerItemProxy */ = {
			isa = PBXContainerItemProxy;
			containerPortal = 69E6A5A626B4E4D800432929 /* Project object */;
			proxyType = 1;
			remoteGlobalIDString = 69E6A5AD26B4E4D800432929;
			remoteInfo = "Spaceship Clone";
		};
		69E6A5CB26B4E4D900432929 /* PBXContainerItemProxy */ = {
			isa = PBXContainerItemProxy;
			containerPortal = 69E6A5A626B4E4D800432929 /* Project object */;
			proxyType = 1;
			remoteGlobalIDString = 69E6A5AD26B4E4D800432929;
			remoteInfo = "Spaceship Clone";
		};
/* End PBXContainerItemProxy section */

/* Begin PBXFileReference section */
		031B1988978E818494AD4874 /* Pods-Spaceship Clone-Spaceship CloneUITests.release.xcconfig */ = {isa = PBXFileReference; includeInIndex = 1; lastKnownFileType = text.xcconfig; name = "Pods-Spaceship Clone-Spaceship CloneUITests.release.xcconfig"; path = "Target Support Files/Pods-Spaceship Clone-Spaceship CloneUITests/Pods-Spaceship Clone-Spaceship CloneUITests.release.xcconfig"; sourceTree = "<group>"; };
		18C2FE16E058495F875DD45D /* Pods-Spaceship Clone.release.xcconfig */ = {isa = PBXFileReference; includeInIndex = 1; lastKnownFileType = text.xcconfig; name = "Pods-Spaceship Clone.release.xcconfig"; path = "Target Support Files/Pods-Spaceship Clone/Pods-Spaceship Clone.release.xcconfig"; sourceTree = "<group>"; };
		1EB362880D3897C7CDFF4873 /* Pods-Spaceship CloneTests.debug.xcconfig */ = {isa = PBXFileReference; includeInIndex = 1; lastKnownFileType = text.xcconfig; name = "Pods-Spaceship CloneTests.debug.xcconfig"; path = "Target Support Files/Pods-Spaceship CloneTests/Pods-Spaceship CloneTests.debug.xcconfig"; sourceTree = "<group>"; };
		6938AE3926D525FC005C873E /* Launch Screen.storyboard */ = {isa = PBXFileReference; lastKnownFileType = file.storyboard; path = "Launch Screen.storyboard"; sourceTree = "<group>"; };
		6938AE3B26D5E4E1005C873E /* SwiftUIView.swift */ = {isa = PBXFileReference; lastKnownFileType = sourcecode.swift; path = SwiftUIView.swift; sourceTree = "<group>"; };
		694810AE26B659CF00C0F7D4 /* GoogleService-Info.plist */ = {isa = PBXFileReference; fileEncoding = 4; lastKnownFileType = text.plist.xml; path = "GoogleService-Info.plist"; sourceTree = "<group>"; };
		694810B226B6609500C0F7D4 /* ContactViewModel.swift */ = {isa = PBXFileReference; lastKnownFileType = sourcecode.swift; path = ContactViewModel.swift; sourceTree = "<group>"; };
		695C4B3926BB69A0009EE1A4 /* PersonalInfo.swift */ = {isa = PBXFileReference; lastKnownFileType = sourcecode.swift; path = PersonalInfo.swift; sourceTree = "<group>"; };
		695C4B3C26BB7246009EE1A4 /* AddInvestment.swift */ = {isa = PBXFileReference; lastKnownFileType = sourcecode.swift; path = AddInvestment.swift; sourceTree = "<group>"; };
		695C4B3E26BB7B85009EE1A4 /* LoginView.swift */ = {isa = PBXFileReference; lastKnownFileType = sourcecode.swift; path = LoginView.swift; sourceTree = "<group>"; };
		69AD18CA26BD3CDB00F7C394 /* AccSettings.swift */ = {isa = PBXFileReference; lastKnownFileType = sourcecode.swift; path = AccSettings.swift; sourceTree = "<group>"; };
		69E6A5AE26B4E4D800432929 /* Spaceship Clone.app */ = {isa = PBXFileReference; explicitFileType = wrapper.application; includeInIndex = 0; path = "Spaceship Clone.app"; sourceTree = BUILT_PRODUCTS_DIR; };
		69E6A5B126B4E4D800432929 /* Spaceship_CloneApp.swift */ = {isa = PBXFileReference; lastKnownFileType = sourcecode.swift; path = Spaceship_CloneApp.swift; sourceTree = "<group>"; };
		69E6A5B326B4E4D800432929 /* Home.swift */ = {isa = PBXFileReference; lastKnownFileType = sourcecode.swift; path = Home.swift; sourceTree = "<group>"; };
		69E6A5B526B4E4D900432929 /* Assets.xcassets */ = {isa = PBXFileReference; lastKnownFileType = folder.assetcatalog; path = Assets.xcassets; sourceTree = "<group>"; };
		69E6A5B826B4E4D900432929 /* Preview Assets.xcassets */ = {isa = PBXFileReference; lastKnownFileType = folder.assetcatalog; path = "Preview Assets.xcassets"; sourceTree = "<group>"; };
		69E6A5BA26B4E4D900432929 /* Info.plist */ = {isa = PBXFileReference; lastKnownFileType = text.plist.xml; path = Info.plist; sourceTree = "<group>"; };
		69E6A5BF26B4E4D900432929 /* Spaceship CloneTests.xctest */ = {isa = PBXFileReference; explicitFileType = wrapper.cfbundle; includeInIndex = 0; path = "Spaceship CloneTests.xctest"; sourceTree = BUILT_PRODUCTS_DIR; };
		69E6A5C326B4E4D900432929 /* Spaceship_CloneTests.swift */ = {isa = PBXFileReference; lastKnownFileType = sourcecode.swift; path = Spaceship_CloneTests.swift; sourceTree = "<group>"; };
		69E6A5C526B4E4D900432929 /* Info.plist */ = {isa = PBXFileReference; lastKnownFileType = text.plist.xml; path = Info.plist; sourceTree = "<group>"; };
		69E6A5CA26B4E4D900432929 /* Spaceship CloneUITests.xctest */ = {isa = PBXFileReference; explicitFileType = wrapper.cfbundle; includeInIndex = 0; path = "Spaceship CloneUITests.xctest"; sourceTree = BUILT_PRODUCTS_DIR; };
		69E6A5CE26B4E4D900432929 /* Spaceship_CloneUITests.swift */ = {isa = PBXFileReference; lastKnownFileType = sourcecode.swift; path = Spaceship_CloneUITests.swift; sourceTree = "<group>"; };
		69E6A5D026B4E4D900432929 /* Info.plist */ = {isa = PBXFileReference; lastKnownFileType = text.plist.xml; path = Info.plist; sourceTree = "<group>"; };
		69E6A5DC26B4E69200432929 /* InvestmentWindow.swift */ = {isa = PBXFileReference; lastKnownFileType = sourcecode.swift; path = InvestmentWindow.swift; sourceTree = "<group>"; };
		69E6A5E026B4F8F900432929 /* UniverseGraph.swift */ = {isa = PBXFileReference; lastKnownFileType = sourcecode.swift; path = UniverseGraph.swift; sourceTree = "<group>"; };
		69E6A5E226B504AB00432929 /* UniversePortfolioData.swift */ = {isa = PBXFileReference; lastKnownFileType = sourcecode.swift; path = UniversePortfolioData.swift; sourceTree = "<group>"; };
		69E6A5E426B52E0D00432929 /* PersonalGraph.swift */ = {isa = PBXFileReference; lastKnownFileType = sourcecode.swift; path = PersonalGraph.swift; sourceTree = "<group>"; };
		69FFD62026BA513200C9DE39 /* Main.swift */ = {isa = PBXFileReference; lastKnownFileType = sourcecode.swift; path = Main.swift; sourceTree = "<group>"; };
		69FFD62226BA517300C9DE39 /* AccountView.swift */ = {isa = PBXFileReference; lastKnownFileType = sourcecode.swift; path = AccountView.swift; sourceTree = "<group>"; };
		6BE640F4A42A83DB48B3A732 /* Pods_Spaceship_CloneTests.framework */ = {isa = PBXFileReference; explicitFileType = wrapper.framework; includeInIndex = 0; path = Pods_Spaceship_CloneTests.framework; sourceTree = BUILT_PRODUCTS_DIR; };
		A4A7CC82882BDD86809305E2 /* Pods-Spaceship CloneTests.release.xcconfig */ = {isa = PBXFileReference; includeInIndex = 1; lastKnownFileType = text.xcconfig; name = "Pods-Spaceship CloneTests.release.xcconfig"; path = "Target Support Files/Pods-Spaceship CloneTests/Pods-Spaceship CloneTests.release.xcconfig"; sourceTree = "<group>"; };
		A51F17016317D1ABC8D7939D /* Pods_Spaceship_Clone.framework */ = {isa = PBXFileReference; explicitFileType = wrapper.framework; includeInIndex = 0; path = Pods_Spaceship_Clone.framework; sourceTree = BUILT_PRODUCTS_DIR; };
		B48887AD75B96A679D762F53 /* Pods-Spaceship Clone.debug.xcconfig */ = {isa = PBXFileReference; includeInIndex = 1; lastKnownFileType = text.xcconfig; name = "Pods-Spaceship Clone.debug.xcconfig"; path = "Target Support Files/Pods-Spaceship Clone/Pods-Spaceship Clone.debug.xcconfig"; sourceTree = "<group>"; };
		DF41917354F2631EE1917228 /* Pods_Spaceship_Clone_Spaceship_CloneUITests.framework */ = {isa = PBXFileReference; explicitFileType = wrapper.framework; includeInIndex = 0; path = Pods_Spaceship_Clone_Spaceship_CloneUITests.framework; sourceTree = BUILT_PRODUCTS_DIR; };
		E2131E8ED65A657A9505D019 /* Pods-Spaceship Clone-Spaceship CloneUITests.debug.xcconfig */ = {isa = PBXFileReference; includeInIndex = 1; lastKnownFileType = text.xcconfig; name = "Pods-Spaceship Clone-Spaceship CloneUITests.debug.xcconfig"; path = "Target Support Files/Pods-Spaceship Clone-Spaceship CloneUITests/Pods-Spaceship Clone-Spaceship CloneUITests.debug.xcconfig"; sourceTree = "<group>"; };
/* End PBXFileReference section */

/* Begin PBXFrameworksBuildPhase section */
		69E6A5AB26B4E4D800432929 /* Frameworks */ = {
			isa = PBXFrameworksBuildPhase;
			buildActionMask = 2147483647;
			files = (
				90DBBA328AEE4751B7B2741C /* Pods_Spaceship_Clone.framework in Frameworks */,
			);
			runOnlyForDeploymentPostprocessing = 0;
		};
		69E6A5BC26B4E4D900432929 /* Frameworks */ = {
			isa = PBXFrameworksBuildPhase;
			buildActionMask = 2147483647;
			files = (
				27F295A2175B0A3AD0BEAD51 /* Pods_Spaceship_CloneTests.framework in Frameworks */,
			);
			runOnlyForDeploymentPostprocessing = 0;
		};
		69E6A5C726B4E4D900432929 /* Frameworks */ = {
			isa = PBXFrameworksBuildPhase;
			buildActionMask = 2147483647;
			files = (
				9FD20DE290A04FED34120086 /* Pods_Spaceship_Clone_Spaceship_CloneUITests.framework in Frameworks */,
			);
			runOnlyForDeploymentPostprocessing = 0;
		};
/* End PBXFrameworksBuildPhase section */

/* Begin PBXGroup section */
		694810B426B6659600C0F7D4 /* Views */ = {
			isa = PBXGroup;
			children = (
				69E6A5E426B52E0D00432929 /* PersonalGraph.swift */,
				69E6A5E026B4F8F900432929 /* UniverseGraph.swift */,
				695C4B3C26BB7246009EE1A4 /* AddInvestment.swift */,
				695C4B3826BB6981009EE1A4 /* Account Views */,
				695C4B3626BB6945009EE1A4 /* Main Views */,
			);
			path = Views;
			sourceTree = "<group>";
		};
		695C4B3626BB6945009EE1A4 /* Main Views */ = {
			isa = PBXGroup;
			children = (
				69E6A5B326B4E4D800432929 /* Home.swift */,
				69E6A5DC26B4E69200432929 /* InvestmentWindow.swift */,
				69FFD62226BA517300C9DE39 /* AccountView.swift */,
				69AD18CA26BD3CDB00F7C394 /* AccSettings.swift */,
				69FFD62026BA513200C9DE39 /* Main.swift */,
				695C4B3E26BB7B85009EE1A4 /* LoginView.swift */,
				6938AE3B26D5E4E1005C873E /* SwiftUIView.swift */,
				6938AE3926D525FC005C873E /* Launch Screen.storyboard */,
			);
			path = "Main Views";
			sourceTree = "<group>";
		};
		695C4B3826BB6981009EE1A4 /* Account Views */ = {
			isa = PBXGroup;
			children = (
				695C4B3926BB69A0009EE1A4 /* PersonalInfo.swift */,
			);
			path = "Account Views";
			sourceTree = "<group>";
		};
		69E6A5A526B4E4D800432929 = {
			isa = PBXGroup;
			children = (
				694810AE26B659CF00C0F7D4 /* GoogleService-Info.plist */,
				694810B426B6659600C0F7D4 /* Views */,
				69E6A5B026B4E4D800432929 /* Spaceship Clone */,
				69E6A5C226B4E4D900432929 /* Spaceship CloneTests */,
				69E6A5CD26B4E4D900432929 /* Spaceship CloneUITests */,
				69E6A5AF26B4E4D800432929 /* Products */,
				B863A23FCE6D5FEAF0C06F99 /* Pods */,
				D59A6258A054428BA09EB6FF /* Frameworks */,
			);
			sourceTree = "<group>";
		};
		69E6A5AF26B4E4D800432929 /* Products */ = {
			isa = PBXGroup;
			children = (
				69E6A5AE26B4E4D800432929 /* Spaceship Clone.app */,
				69E6A5BF26B4E4D900432929 /* Spaceship CloneTests.xctest */,
				69E6A5CA26B4E4D900432929 /* Spaceship CloneUITests.xctest */,
			);
			name = Products;
			sourceTree = "<group>";
		};
		69E6A5B026B4E4D800432929 /* Spaceship Clone */ = {
			isa = PBXGroup;
			children = (
				69E6A5B126B4E4D800432929 /* Spaceship_CloneApp.swift */,
				694810B226B6609500C0F7D4 /* ContactViewModel.swift */,
				69E6A5E226B504AB00432929 /* UniversePortfolioData.swift */,
				69E6A5B526B4E4D900432929 /* Assets.xcassets */,
				69E6A5BA26B4E4D900432929 /* Info.plist */,
				69E6A5B726B4E4D900432929 /* Preview Content */,
			);
			path = "Spaceship Clone";
			sourceTree = "<group>";
		};
		69E6A5B726B4E4D900432929 /* Preview Content */ = {
			isa = PBXGroup;
			children = (
				69E6A5B826B4E4D900432929 /* Preview Assets.xcassets */,
			);
			path = "Preview Content";
			sourceTree = "<group>";
		};
		69E6A5C226B4E4D900432929 /* Spaceship CloneTests */ = {
			isa = PBXGroup;
			children = (
				69E6A5C326B4E4D900432929 /* Spaceship_CloneTests.swift */,
				69E6A5C526B4E4D900432929 /* Info.plist */,
			);
			path = "Spaceship CloneTests";
			sourceTree = "<group>";
		};
		69E6A5CD26B4E4D900432929 /* Spaceship CloneUITests */ = {
			isa = PBXGroup;
			children = (
				69E6A5CE26B4E4D900432929 /* Spaceship_CloneUITests.swift */,
				69E6A5D026B4E4D900432929 /* Info.plist */,
			);
			path = "Spaceship CloneUITests";
			sourceTree = "<group>";
		};
		B863A23FCE6D5FEAF0C06F99 /* Pods */ = {
			isa = PBXGroup;
			children = (
				B48887AD75B96A679D762F53 /* Pods-Spaceship Clone.debug.xcconfig */,
				18C2FE16E058495F875DD45D /* Pods-Spaceship Clone.release.xcconfig */,
				E2131E8ED65A657A9505D019 /* Pods-Spaceship Clone-Spaceship CloneUITests.debug.xcconfig */,
				031B1988978E818494AD4874 /* Pods-Spaceship Clone-Spaceship CloneUITests.release.xcconfig */,
				1EB362880D3897C7CDFF4873 /* Pods-Spaceship CloneTests.debug.xcconfig */,
				A4A7CC82882BDD86809305E2 /* Pods-Spaceship CloneTests.release.xcconfig */,
			);
			path = Pods;
			sourceTree = "<group>";
		};
		D59A6258A054428BA09EB6FF /* Frameworks */ = {
			isa = PBXGroup;
			children = (
				A51F17016317D1ABC8D7939D /* Pods_Spaceship_Clone.framework */,
				DF41917354F2631EE1917228 /* Pods_Spaceship_Clone_Spaceship_CloneUITests.framework */,
				6BE640F4A42A83DB48B3A732 /* Pods_Spaceship_CloneTests.framework */,
			);
			name = Frameworks;
			sourceTree = "<group>";
		};
/* End PBXGroup section */

/* Begin PBXNativeTarget section */
		69E6A5AD26B4E4D800432929 /* Spaceship Clone */ = {
			isa = PBXNativeTarget;
			buildConfigurationList = 69E6A5D326B4E4D900432929 /* Build configuration list for PBXNativeTarget "Spaceship Clone" */;
			buildPhases = (
				A991B308F316730B65F603FF /* [CP] Check Pods Manifest.lock */,
				69E6A5AA26B4E4D800432929 /* Sources */,
				69E6A5AB26B4E4D800432929 /* Frameworks */,
				69E6A5AC26B4E4D800432929 /* Resources */,
				9FB33F295D0EBD585736E906 /* [CP] Embed Pods Frameworks */,
			);
			buildRules = (
			);
			dependencies = (
			);
			name = "Spaceship Clone";
			productName = "Spaceship Clone";
			productReference = 69E6A5AE26B4E4D800432929 /* Spaceship Clone.app */;
			productType = "com.apple.product-type.application";
		};
		69E6A5BE26B4E4D900432929 /* Spaceship CloneTests */ = {
			isa = PBXNativeTarget;
			buildConfigurationList = 69E6A5D626B4E4D900432929 /* Build configuration list for PBXNativeTarget "Spaceship CloneTests" */;
			buildPhases = (
				DC475846C892998021DE76B2 /* [CP] Check Pods Manifest.lock */,
				69E6A5BB26B4E4D900432929 /* Sources */,
				69E6A5BC26B4E4D900432929 /* Frameworks */,
				69E6A5BD26B4E4D900432929 /* Resources */,
			);
			buildRules = (
			);
			dependencies = (
				69E6A5C126B4E4D900432929 /* PBXTargetDependency */,
			);
			name = "Spaceship CloneTests";
			productName = "Spaceship CloneTests";
			productReference = 69E6A5BF26B4E4D900432929 /* Spaceship CloneTests.xctest */;
			productType = "com.apple.product-type.bundle.unit-test";
		};
		69E6A5C926B4E4D900432929 /* Spaceship CloneUITests */ = {
			isa = PBXNativeTarget;
			buildConfigurationList = 69E6A5D926B4E4D900432929 /* Build configuration list for PBXNativeTarget "Spaceship CloneUITests" */;
			buildPhases = (
				A89E1A3AB6416471D5B6D3C6 /* [CP] Check Pods Manifest.lock */,
				69E6A5C626B4E4D900432929 /* Sources */,
				69E6A5C726B4E4D900432929 /* Frameworks */,
				69E6A5C826B4E4D900432929 /* Resources */,
				D1B310BEA8F9AC5CFE229FA9 /* [CP] Embed Pods Frameworks */,
			);
			buildRules = (
			);
			dependencies = (
				69E6A5CC26B4E4D900432929 /* PBXTargetDependency */,
			);
			name = "Spaceship CloneUITests";
			productName = "Spaceship CloneUITests";
			productReference = 69E6A5CA26B4E4D900432929 /* Spaceship CloneUITests.xctest */;
			productType = "com.apple.product-type.bundle.ui-testing";
		};
/* End PBXNativeTarget section */

/* Begin PBXProject section */
		69E6A5A626B4E4D800432929 /* Project object */ = {
			isa = PBXProject;
			attributes = {
				LastSwiftUpdateCheck = 1250;
				LastUpgradeCheck = 1250;
				TargetAttributes = {
					69E6A5AD26B4E4D800432929 = {
						CreatedOnToolsVersion = 12.5.1;
					};
					69E6A5BE26B4E4D900432929 = {
						CreatedOnToolsVersion = 12.5.1;
						TestTargetID = 69E6A5AD26B4E4D800432929;
					};
					69E6A5C926B4E4D900432929 = {
						CreatedOnToolsVersion = 12.5.1;
						TestTargetID = 69E6A5AD26B4E4D800432929;
					};
				};
			};
			buildConfigurationList = 69E6A5A926B4E4D800432929 /* Build configuration list for PBXProject "Spaceship Clone" */;
			compatibilityVersion = "Xcode 9.3";
			developmentRegion = en;
			hasScannedForEncodings = 0;
			knownRegions = (
				en,
				Base,
			);
			mainGroup = 69E6A5A526B4E4D800432929;
			productRefGroup = 69E6A5AF26B4E4D800432929 /* Products */;
			projectDirPath = "";
			projectRoot = "";
			targets = (
				69E6A5AD26B4E4D800432929 /* Spaceship Clone */,
				69E6A5BE26B4E4D900432929 /* Spaceship CloneTests */,
				69E6A5C926B4E4D900432929 /* Spaceship CloneUITests */,
			);
		};
/* End PBXProject section */

/* Begin PBXResourcesBuildPhase section */
		69E6A5AC26B4E4D800432929 /* Resources */ = {
			isa = PBXResourcesBuildPhase;
			buildActionMask = 2147483647;
			files = (
				69E6A5B926B4E4D900432929 /* Preview Assets.xcassets in Resources */,
				69E6A5B626B4E4D900432929 /* Assets.xcassets in Resources */,
				6938AE3A26D525FC005C873E /* Launch Screen.storyboard in Resources */,
				694810AF26B659D000C0F7D4 /* GoogleService-Info.plist in Resources */,
			);
			runOnlyForDeploymentPostprocessing = 0;
		};
		69E6A5BD26B4E4D900432929 /* Resources */ = {
			isa = PBXResourcesBuildPhase;
			buildActionMask = 2147483647;
			files = (
			);
			runOnlyForDeploymentPostprocessing = 0;
		};
		69E6A5C826B4E4D900432929 /* Resources */ = {
			isa = PBXResourcesBuildPhase;
			buildActionMask = 2147483647;
			files = (
			);
			runOnlyForDeploymentPostprocessing = 0;
		};
/* End PBXResourcesBuildPhase section */

/* Begin PBXShellScriptBuildPhase section */
		9FB33F295D0EBD585736E906 /* [CP] Embed Pods Frameworks */ = {
			isa = PBXShellScriptBuildPhase;
			buildActionMask = 2147483647;
			files = (
			);
			inputFileListPaths = (
				"${PODS_ROOT}/Target Support Files/Pods-Spaceship Clone/Pods-Spaceship Clone-frameworks-${CONFIGURATION}-input-files.xcfilelist",
			);
			name = "[CP] Embed Pods Frameworks";
			outputFileListPaths = (
				"${PODS_ROOT}/Target Support Files/Pods-Spaceship Clone/Pods-Spaceship Clone-frameworks-${CONFIGURATION}-output-files.xcfilelist",
			);
			runOnlyForDeploymentPostprocessing = 0;
			shellPath = /bin/sh;
			shellScript = "\"${PODS_ROOT}/Target Support Files/Pods-Spaceship Clone/Pods-Spaceship Clone-frameworks.sh\"\n";
			showEnvVarsInLog = 0;
		};
		A89E1A3AB6416471D5B6D3C6 /* [CP] Check Pods Manifest.lock */ = {
			isa = PBXShellScriptBuildPhase;
			buildActionMask = 2147483647;
			files = (
			);
			inputFileListPaths = (
			);
			inputPaths = (
				"${PODS_PODFILE_DIR_PATH}/Podfile.lock",
				"${PODS_ROOT}/Manifest.lock",
			);
			name = "[CP] Check Pods Manifest.lock";
			outputFileListPaths = (
			);
			outputPaths = (
				"$(DERIVED_FILE_DIR)/Pods-Spaceship Clone-Spaceship CloneUITests-checkManifestLockResult.txt",
			);
			runOnlyForDeploymentPostprocessing = 0;
			shellPath = /bin/sh;
			shellScript = "diff \"${PODS_PODFILE_DIR_PATH}/Podfile.lock\" \"${PODS_ROOT}/Manifest.lock\" > /dev/null\nif [ $? != 0 ] ; then\n    # print error to STDERR\n    echo \"error: The sandbox is not in sync with the Podfile.lock. Run 'pod install' or update your CocoaPods installation.\" >&2\n    exit 1\nfi\n# This output is used by Xcode 'outputs' to avoid re-running this script phase.\necho \"SUCCESS\" > \"${SCRIPT_OUTPUT_FILE_0}\"\n";
			showEnvVarsInLog = 0;
		};
		A991B308F316730B65F603FF /* [CP] Check Pods Manifest.lock */ = {
			isa = PBXShellScriptBuildPhase;
			buildActionMask = 2147483647;
			files = (
			);
			inputFileListPaths = (
			);
			inputPaths = (
				"${PODS_PODFILE_DIR_PATH}/Podfile.lock",
				"${PODS_ROOT}/Manifest.lock",
			);
			name = "[CP] Check Pods Manifest.lock";
			outputFileListPaths = (
			);
			outputPaths = (
				"$(DERIVED_FILE_DIR)/Pods-Spaceship Clone-checkManifestLockResult.txt",
			);
			runOnlyForDeploymentPostprocessing = 0;
			shellPath = /bin/sh;
			shellScript = "diff \"${PODS_PODFILE_DIR_PATH}/Podfile.lock\" \"${PODS_ROOT}/Manifest.lock\" > /dev/null\nif [ $? != 0 ] ; then\n    # print error to STDERR\n    echo \"error: The sandbox is not in sync with the Podfile.lock. Run 'pod install' or update your CocoaPods installation.\" >&2\n    exit 1\nfi\n# This output is used by Xcode 'outputs' to avoid re-running this script phase.\necho \"SUCCESS\" > \"${SCRIPT_OUTPUT_FILE_0}\"\n";
			showEnvVarsInLog = 0;
		};
		D1B310BEA8F9AC5CFE229FA9 /* [CP] Embed Pods Frameworks */ = {
			isa = PBXShellScriptBuildPhase;
			buildActionMask = 2147483647;
			files = (
			);
			inputFileListPaths = (
				"${PODS_ROOT}/Target Support Files/Pods-Spaceship Clone-Spaceship CloneUITests/Pods-Spaceship Clone-Spaceship CloneUITests-frameworks-${CONFIGURATION}-input-files.xcfilelist",
			);
			name = "[CP] Embed Pods Frameworks";
			outputFileListPaths = (
				"${PODS_ROOT}/Target Support Files/Pods-Spaceship Clone-Spaceship CloneUITests/Pods-Spaceship Clone-Spaceship CloneUITests-frameworks-${CONFIGURATION}-output-files.xcfilelist",
			);
			runOnlyForDeploymentPostprocessing = 0;
			shellPath = /bin/sh;
			shellScript = "\"${PODS_ROOT}/Target Support Files/Pods-Spaceship Clone-Spaceship CloneUITests/Pods-Spaceship Clone-Spaceship CloneUITests-frameworks.sh\"\n";
			showEnvVarsInLog = 0;
		};
		DC475846C892998021DE76B2 /* [CP] Check Pods Manifest.lock */ = {
			isa = PBXShellScriptBuildPhase;
			buildActionMask = 2147483647;
			files = (
			);
			inputFileListPaths = (
			);
			inputPaths = (
				"${PODS_PODFILE_DIR_PATH}/Podfile.lock",
				"${PODS_ROOT}/Manifest.lock",
			);
			name = "[CP] Check Pods Manifest.lock";
			outputFileListPaths = (
			);
			outputPaths = (
				"$(DERIVED_FILE_DIR)/Pods-Spaceship CloneTests-checkManifestLockResult.txt",
			);
			runOnlyForDeploymentPostprocessing = 0;
			shellPath = /bin/sh;
			shellScript = "diff \"${PODS_PODFILE_DIR_PATH}/Podfile.lock\" \"${PODS_ROOT}/Manifest.lock\" > /dev/null\nif [ $? != 0 ] ; then\n    # print error to STDERR\n    echo \"error: The sandbox is not in sync with the Podfile.lock. Run 'pod install' or update your CocoaPods installation.\" >&2\n    exit 1\nfi\n# This output is used by Xcode 'outputs' to avoid re-running this script phase.\necho \"SUCCESS\" > \"${SCRIPT_OUTPUT_FILE_0}\"\n";
			showEnvVarsInLog = 0;
		};
/* End PBXShellScriptBuildPhase section */

/* Begin PBXSourcesBuildPhase section */
		69E6A5AA26B4E4D800432929 /* Sources */ = {
			isa = PBXSourcesBuildPhase;
			buildActionMask = 2147483647;
			files = (
				69FFD62126BA513200C9DE39 /* Main.swift in Sources */,
				69E6A5DD26B4E69200432929 /* InvestmentWindow.swift in Sources */,
				69E6A5E126B4F8F900432929 /* UniverseGraph.swift in Sources */,
				69E6A5E526B52E0D00432929 /* PersonalGraph.swift in Sources */,
				695C4B3A26BB69A0009EE1A4 /* PersonalInfo.swift in Sources */,
				69FFD62326BA517300C9DE39 /* AccountView.swift in Sources */,
				69E6A5B426B4E4D800432929 /* Home.swift in Sources */,
				69AD18CB26BD3CDB00F7C394 /* AccSettings.swift in Sources */,
				695C4B3D26BB7246009EE1A4 /* AddInvestment.swift in Sources */,
				69E6A5B226B4E4D800432929 /* Spaceship_CloneApp.swift in Sources */,
				695C4B3F26BB7B85009EE1A4 /* LoginView.swift in Sources */,
				694810B326B6609500C0F7D4 /* ContactViewModel.swift in Sources */,
				69E6A5E326B504AB00432929 /* UniversePortfolioData.swift in Sources */,
				6938AE3C26D5E4E1005C873E /* SwiftUIView.swift in Sources */,
			);
			runOnlyForDeploymentPostprocessing = 0;
		};
		69E6A5BB26B4E4D900432929 /* Sources */ = {
			isa = PBXSourcesBuildPhase;
			buildActionMask = 2147483647;
			files = (
				69E6A5C426B4E4D900432929 /* Spaceship_CloneTests.swift in Sources */,
			);
			runOnlyForDeploymentPostprocessing = 0;
		};
		69E6A5C626B4E4D900432929 /* Sources */ = {
			isa = PBXSourcesBuildPhase;
			buildActionMask = 2147483647;
			files = (
				69E6A5CF26B4E4D900432929 /* Spaceship_CloneUITests.swift in Sources */,
			);
			runOnlyForDeploymentPostprocessing = 0;
		};
/* End PBXSourcesBuildPhase section */

/* Begin PBXTargetDependency section */
		69E6A5C126B4E4D900432929 /* PBXTargetDependency */ = {
			isa = PBXTargetDependency;
			target = 69E6A5AD26B4E4D800432929 /* Spaceship Clone */;
			targetProxy = 69E6A5C026B4E4D900432929 /* PBXContainerItemProxy */;
		};
		69E6A5CC26B4E4D900432929 /* PBXTargetDependency */ = {
			isa = PBXTargetDependency;
			target = 69E6A5AD26B4E4D800432929 /* Spaceship Clone */;
			targetProxy = 69E6A5CB26B4E4D900432929 /* PBXContainerItemProxy */;
		};
/* End PBXTargetDependency section */

/* Begin XCBuildConfiguration section */
		69E6A5D126B4E4D900432929 /* Debug */ = {
			isa = XCBuildConfiguration;
			buildSettings = {
				ALWAYS_SEARCH_USER_PATHS = NO;
				CLANG_ANALYZER_NONNULL = YES;
				CLANG_ANALYZER_NUMBER_OBJECT_CONVERSION = YES_AGGRESSIVE;
				CLANG_CXX_LANGUAGE_STANDARD = "gnu++14";
				CLANG_CXX_LIBRARY = "libc++";
				CLANG_ENABLE_MODULES = YES;
				CLANG_ENABLE_OBJC_ARC = YES;
				CLANG_ENABLE_OBJC_WEAK = YES;
				CLANG_WARN_BLOCK_CAPTURE_AUTORELEASING = YES;
				CLANG_WARN_BOOL_CONVERSION = YES;
				CLANG_WARN_COMMA = YES;
				CLANG_WARN_CONSTANT_CONVERSION = YES;
				CLANG_WARN_DEPRECATED_OBJC_IMPLEMENTATIONS = YES;
				CLANG_WARN_DIRECT_OBJC_ISA_USAGE = YES_ERROR;
				CLANG_WARN_DOCUMENTATION_COMMENTS = YES;
				CLANG_WARN_EMPTY_BODY = YES;
				CLANG_WARN_ENUM_CONVERSION = YES;
				CLANG_WARN_INFINITE_RECURSION = YES;
				CLANG_WARN_INT_CONVERSION = YES;
				CLANG_WARN_NON_LITERAL_NULL_CONVERSION = YES;
				CLANG_WARN_OBJC_IMPLICIT_RETAIN_SELF = YES;
				CLANG_WARN_OBJC_LITERAL_CONVERSION = YES;
				CLANG_WARN_OBJC_ROOT_CLASS = YES_ERROR;
				CLANG_WARN_QUOTED_INCLUDE_IN_FRAMEWORK_HEADER = YES;
				CLANG_WARN_RANGE_LOOP_ANALYSIS = YES;
				CLANG_WARN_STRICT_PROTOTYPES = YES;
				CLANG_WARN_SUSPICIOUS_MOVE = YES;
				CLANG_WARN_UNGUARDED_AVAILABILITY = YES_AGGRESSIVE;
				CLANG_WARN_UNREACHABLE_CODE = YES;
				CLANG_WARN__DUPLICATE_METHOD_MATCH = YES;
				COPY_PHASE_STRIP = NO;
				DEBUG_INFORMATION_FORMAT = dwarf;
				ENABLE_STRICT_OBJC_MSGSEND = YES;
				ENABLE_TESTABILITY = YES;
				GCC_C_LANGUAGE_STANDARD = gnu11;
				GCC_DYNAMIC_NO_PIC = NO;
				GCC_NO_COMMON_BLOCKS = YES;
				GCC_OPTIMIZATION_LEVEL = 0;
				GCC_PREPROCESSOR_DEFINITIONS = (
					"DEBUG=1",
					"$(inherited)",
				);
				GCC_WARN_64_TO_32_BIT_CONVERSION = YES;
				GCC_WARN_ABOUT_RETURN_TYPE = YES_ERROR;
				GCC_WARN_UNDECLARED_SELECTOR = YES;
				GCC_WARN_UNINITIALIZED_AUTOS = YES_AGGRESSIVE;
				GCC_WARN_UNUSED_FUNCTION = YES;
				GCC_WARN_UNUSED_VARIABLE = YES;
				IPHONEOS_DEPLOYMENT_TARGET = 14.5;
				MTL_ENABLE_DEBUG_INFO = INCLUDE_SOURCE;
				MTL_FAST_MATH = YES;
				ONLY_ACTIVE_ARCH = YES;
				SDKROOT = iphoneos;
				SWIFT_ACTIVE_COMPILATION_CONDITIONS = DEBUG;
				SWIFT_OPTIMIZATION_LEVEL = "-Onone";
			};
			name = Debug;
		};
		69E6A5D226B4E4D900432929 /* Release */ = {
			isa = XCBuildConfiguration;
			buildSettings = {
				ALWAYS_SEARCH_USER_PATHS = NO;
				CLANG_ANALYZER_NONNULL = YES;
				CLANG_ANALYZER_NUMBER_OBJECT_CONVERSION = YES_AGGRESSIVE;
				CLANG_CXX_LANGUAGE_STANDARD = "gnu++14";
				CLANG_CXX_LIBRARY = "libc++";
				CLANG_ENABLE_MODULES = YES;
				CLANG_ENABLE_OBJC_ARC = YES;
				CLANG_ENABLE_OBJC_WEAK = YES;
				CLANG_WARN_BLOCK_CAPTURE_AUTORELEASING = YES;
				CLANG_WARN_BOOL_CONVERSION = YES;
				CLANG_WARN_COMMA = YES;
				CLANG_WARN_CONSTANT_CONVERSION = YES;
				CLANG_WARN_DEPRECATED_OBJC_IMPLEMENTATIONS = YES;
				CLANG_WARN_DIRECT_OBJC_ISA_USAGE = YES_ERROR;
				CLANG_WARN_DOCUMENTATION_COMMENTS = YES;
				CLANG_WARN_EMPTY_BODY = YES;
				CLANG_WARN_ENUM_CONVERSION = YES;
				CLANG_WARN_INFINITE_RECURSION = YES;
				CLANG_WARN_INT_CONVERSION = YES;
				CLANG_WARN_NON_LITERAL_NULL_CONVERSION = YES;
				CLANG_WARN_OBJC_IMPLICIT_RETAIN_SELF = YES;
				CLANG_WARN_OBJC_LITERAL_CONVERSION = YES;
				CLANG_WARN_OBJC_ROOT_CLASS = YES_ERROR;
				CLANG_WARN_QUOTED_INCLUDE_IN_FRAMEWORK_HEADER = YES;
				CLANG_WARN_RANGE_LOOP_ANALYSIS = YES;
				CLANG_WARN_STRICT_PROTOTYPES = YES;
				CLANG_WARN_SUSPICIOUS_MOVE = YES;
				CLANG_WARN_UNGUARDED_AVAILABILITY = YES_AGGRESSIVE;
				CLANG_WARN_UNREACHABLE_CODE = YES;
				CLANG_WARN__DUPLICATE_METHOD_MATCH = YES;
				COPY_PHASE_STRIP = NO;
				DEBUG_INFORMATION_FORMAT = "dwarf-with-dsym";
				ENABLE_NS_ASSERTIONS = NO;
				ENABLE_STRICT_OBJC_MSGSEND = YES;
				GCC_C_LANGUAGE_STANDARD = gnu11;
				GCC_NO_COMMON_BLOCKS = YES;
				GCC_WARN_64_TO_32_BIT_CONVERSION = YES;
				GCC_WARN_ABOUT_RETURN_TYPE = YES_ERROR;
				GCC_WARN_UNDECLARED_SELECTOR = YES;
				GCC_WARN_UNINITIALIZED_AUTOS = YES_AGGRESSIVE;
				GCC_WARN_UNUSED_FUNCTION = YES;
				GCC_WARN_UNUSED_VARIABLE = YES;
				IPHONEOS_DEPLOYMENT_TARGET = 14.5;
				MTL_ENABLE_DEBUG_INFO = NO;
				MTL_FAST_MATH = YES;
				SDKROOT = iphoneos;
				SWIFT_COMPILATION_MODE = wholemodule;
				SWIFT_OPTIMIZATION_LEVEL = "-O";
				VALIDATE_PRODUCT = YES;
			};
			name = Release;
		};
		69E6A5D426B4E4D900432929 /* Debug */ = {
			isa = XCBuildConfiguration;
			baseConfigurationReference = B48887AD75B96A679D762F53 /* Pods-Spaceship Clone.debug.xcconfig */;
			buildSettings = {
				ASSETCATALOG_COMPILER_APPICON_NAME = AppIcon;
				ASSETCATALOG_COMPILER_GLOBAL_ACCENT_COLOR_NAME = AccentColor;
				CODE_SIGN_STYLE = Automatic;
				DEVELOPMENT_ASSET_PATHS = "\"Spaceship Clone/Preview Content\"";
				DEVELOPMENT_TEAM = 2SGZ32BTGP;
				ENABLE_PREVIEWS = YES;
				INFOPLIST_FILE = "Spaceship Clone/Info.plist";
				IPHONEOS_DEPLOYMENT_TARGET = 14.0;
				LD_RUNPATH_SEARCH_PATHS = (
					"$(inherited)",
					"@executable_path/Frameworks",
				);
				PRODUCT_BUNDLE_IDENTIFIER = "Joseph.Nez-Index";
				PRODUCT_NAME = "$(TARGET_NAME)";
				SWIFT_VERSION = 5.0;
				TARGETED_DEVICE_FAMILY = "1,2";
			};
			name = Debug;
		};
		69E6A5D526B4E4D900432929 /* Release */ = {
			isa = XCBuildConfiguration;
			baseConfigurationReference = 18C2FE16E058495F875DD45D /* Pods-Spaceship Clone.release.xcconfig */;
			buildSettings = {
				ASSETCATALOG_COMPILER_APPICON_NAME = AppIcon;
				ASSETCATALOG_COMPILER_GLOBAL_ACCENT_COLOR_NAME = AccentColor;
				CODE_SIGN_STYLE = Automatic;
				DEVELOPMENT_ASSET_PATHS = "\"Spaceship Clone/Preview Content\"";
				DEVELOPMENT_TEAM = 2SGZ32BTGP;
				ENABLE_PREVIEWS = YES;
				INFOPLIST_FILE = "Spaceship Clone/Info.plist";
				IPHONEOS_DEPLOYMENT_TARGET = 14.0;
				LD_RUNPATH_SEARCH_PATHS = (
					"$(inherited)",
					"@executable_path/Frameworks",
				);
				PRODUCT_BUNDLE_IDENTIFIER = "Joseph.Nez-Index";
				PRODUCT_NAME = "$(TARGET_NAME)";
				SWIFT_VERSION = 5.0;
				TARGETED_DEVICE_FAMILY = "1,2";
			};
			name = Release;
		};
		69E6A5D726B4E4D900432929 /* Debug */ = {
			isa = XCBuildConfiguration;
			baseConfigurationReference = 1EB362880D3897C7CDFF4873 /* Pods-Spaceship CloneTests.debug.xcconfig */;
			buildSettings = {
				ALWAYS_EMBED_SWIFT_STANDARD_LIBRARIES = YES;
				BUNDLE_LOADER = "$(TEST_HOST)";
				CODE_SIGN_STYLE = Automatic;
				DEVELOPMENT_TEAM = 2SGZ32BTGP;
				INFOPLIST_FILE = "Spaceship CloneTests/Info.plist";
				IPHONEOS_DEPLOYMENT_TARGET = 14.0;
				LD_RUNPATH_SEARCH_PATHS = (
					"$(inherited)",
					"@executable_path/Frameworks",
					"@loader_path/Frameworks",
				);
				PRODUCT_BUNDLE_IDENTIFIER = "Joseph.Spaceship-CloneTests";
				PRODUCT_NAME = "$(TARGET_NAME)";
				SWIFT_VERSION = 5.0;
				TARGETED_DEVICE_FAMILY = "1,2";
				TEST_HOST = "$(BUILT_PRODUCTS_DIR)/Spaceship Clone.app/Spaceship Clone";
			};
			name = Debug;
		};
		69E6A5D826B4E4D900432929 /* Release */ = {
			isa = XCBuildConfiguration;
			baseConfigurationReference = A4A7CC82882BDD86809305E2 /* Pods-Spaceship CloneTests.release.xcconfig */;
			buildSettings = {
				ALWAYS_EMBED_SWIFT_STANDARD_LIBRARIES = YES;
				BUNDLE_LOADER = "$(TEST_HOST)";
				CODE_SIGN_STYLE = Automatic;
				DEVELOPMENT_TEAM = 2SGZ32BTGP;
				INFOPLIST_FILE = "Spaceship CloneTests/Info.plist";
				IPHONEOS_DEPLOYMENT_TARGET = 14.0;
				LD_RUNPATH_SEARCH_PATHS = (
					"$(inherited)",
					"@executable_path/Frameworks",
					"@loader_path/Frameworks",
				);
				PRODUCT_BUNDLE_IDENTIFIER = "Joseph.Spaceship-CloneTests";
				PRODUCT_NAME = "$(TARGET_NAME)";
				SWIFT_VERSION = 5.0;
				TARGETED_DEVICE_FAMILY = "1,2";
				TEST_HOST = "$(BUILT_PRODUCTS_DIR)/Spaceship Clone.app/Spaceship Clone";
			};
			name = Release;
		};
		69E6A5DA26B4E4D900432929 /* Debug */ = {
			isa = XCBuildConfiguration;
			baseConfigurationReference = E2131E8ED65A657A9505D019 /* Pods-Spaceship Clone-Spaceship CloneUITests.debug.xcconfig */;
			buildSettings = {
				ALWAYS_EMBED_SWIFT_STANDARD_LIBRARIES = YES;
				CODE_SIGN_STYLE = Automatic;
				DEVELOPMENT_TEAM = 2SGZ32BTGP;
				INFOPLIST_FILE = "Spaceship CloneUITests/Info.plist";
				LD_RUNPATH_SEARCH_PATHS = (
					"$(inherited)",
					"@executable_path/Frameworks",
					"@loader_path/Frameworks",
				);
				PRODUCT_BUNDLE_IDENTIFIER = "Joseph.Spaceship-CloneUITests";
				PRODUCT_NAME = "$(TARGET_NAME)";
				SWIFT_VERSION = 5.0;
				TARGETED_DEVICE_FAMILY = "1,2";
				TEST_TARGET_NAME = "Spaceship Clone";
			};
			name = Debug;
		};
		69E6A5DB26B4E4D900432929 /* Release */ = {
			isa = XCBuildConfiguration;
			baseConfigurationReference = 031B1988978E818494AD4874 /* Pods-Spaceship Clone-Spaceship CloneUITests.release.xcconfig */;
			buildSettings = {
				ALWAYS_EMBED_SWIFT_STANDARD_LIBRARIES = YES;
				CODE_SIGN_STYLE = Automatic;
				DEVELOPMENT_TEAM = 2SGZ32BTGP;
				INFOPLIST_FILE = "Spaceship CloneUITests/Info.plist";
				LD_RUNPATH_SEARCH_PATHS = (
					"$(inherited)",
					"@executable_path/Frameworks",
					"@loader_path/Frameworks",
				);
				PRODUCT_BUNDLE_IDENTIFIER = "Joseph.Spaceship-CloneUITests";
				PRODUCT_NAME = "$(TARGET_NAME)";
				SWIFT_VERSION = 5.0;
				TARGETED_DEVICE_FAMILY = "1,2";
				TEST_TARGET_NAME = "Spaceship Clone";
			};
			name = Release;
		};
/* End XCBuildConfiguration section */

/* Begin XCConfigurationList section */
		69E6A5A926B4E4D800432929 /* Build configuration list for PBXProject "Spaceship Clone" */ = {
			isa = XCConfigurationList;
			buildConfigurations = (
				69E6A5D126B4E4D900432929 /* Debug */,
				69E6A5D226B4E4D900432929 /* Release */,
			);
			defaultConfigurationIsVisible = 0;
			defaultConfigurationName = Release;
		};
		69E6A5D326B4E4D900432929 /* Build configuration list for PBXNativeTarget "Spaceship Clone" */ = {
			isa = XCConfigurationList;
			buildConfigurations = (
				69E6A5D426B4E4D900432929 /* Debug */,
				69E6A5D526B4E4D900432929 /* Release */,
			);
			defaultConfigurationIsVisible = 0;
			defaultConfigurationName = Release;
		};
		69E6A5D626B4E4D900432929 /* Build configuration list for PBXNativeTarget "Spaceship CloneTests" */ = {
			isa = XCConfigurationList;
			buildConfigurations = (
				69E6A5D726B4E4D900432929 /* Debug */,
				69E6A5D826B4E4D900432929 /* Release */,
			);
			defaultConfigurationIsVisible = 0;
			defaultConfigurationName = Release;
		};
		69E6A5D926B4E4D900432929 /* Build configuration list for PBXNativeTarget "Spaceship CloneUITests" */ = {
			isa = XCConfigurationList;
			buildConfigurations = (
				69E6A5DA26B4E4D900432929 /* Debug */,
				69E6A5DB26B4E4D900432929 /* Release */,
			);
			defaultConfigurationIsVisible = 0;
			defaultConfigurationName = Release;
		};
/* End XCConfigurationList section */
	};
	rootObject = 69E6A5A626B4E4D800432929 /* Project object */;
}
